// !$*UTF8*$!
{
	archiveVersion = 1;
	classes = {
	};
	objectVersion = 48;
	objects = {

/* Begin PBXBuildFile section */
		2B164AFC20332B74004CF099 /* RegisterVC.swift in Sources */ = {isa = PBXBuildFile; fileRef = 2B164AFB20332B74004CF099 /* RegisterVC.swift */; };
		2B164AFE2034C5B7004CF099 /* ProfileImageCell.swift in Sources */ = {isa = PBXBuildFile; fileRef = 2B164AFD2034C5B7004CF099 /* ProfileImageCell.swift */; };
		2B164B022034CDE3004CF099 /* ImageSelectionVC.swift in Sources */ = {isa = PBXBuildFile; fileRef = 2B164B012034CDE3004CF099 /* ImageSelectionVC.swift */; };
		2B20DEFC203B45A9009D8CF5 /* NewAnimation.swift in Sources */ = {isa = PBXBuildFile; fileRef = 2B20DEFB203B45A9009D8CF5 /* NewAnimation.swift */; };
		2B248F9B201DAC9F00C96F17 /* MeVC.swift in Sources */ = {isa = PBXBuildFile; fileRef = 2B248F9A201DAC9F00C96F17 /* MeVC.swift */; };
		2B248F9D201DBEA100C96F17 /* CreatePostVC.swift in Sources */ = {isa = PBXBuildFile; fileRef = 2B248F9C201DBEA100C96F17 /* CreatePostVC.swift */; };
		2B248F9F201DF7CF00C96F17 /* UIViewExt.swift in Sources */ = {isa = PBXBuildFile; fileRef = 2B248F9E201DF7CF00C96F17 /* UIViewExt.swift */; };
		2B248FA4201E096200C96F17 /* Message.swift in Sources */ = {isa = PBXBuildFile; fileRef = 2B248FA3201E096200C96F17 /* Message.swift */; };
		2B248FA8201E66BF00C96F17 /* FeedCell.swift in Sources */ = {isa = PBXBuildFile; fileRef = 2B248FA7201E66BF00C96F17 /* FeedCell.swift */; };
		2B370E06202F2B2F009C5F21 /* PersonalDetailsVC.swift in Sources */ = {isa = PBXBuildFile; fileRef = 2B370E05202F2B2F009C5F21 /* PersonalDetailsVC.swift */; };
		2B82C34B22632505001ED3F5 /* GoogleService-Info.plist in Resources */ = {isa = PBXBuildFile; fileRef = 2B82C34A22632505001ED3F5 /* GoogleService-Info.plist */; };
		2BA99E89201FA80B00577A70 /* CreateGroupsVC.swift in Sources */ = {isa = PBXBuildFile; fileRef = 2BA99E88201FA80B00577A70 /* CreateGroupsVC.swift */; };
		2BABD9EB202240A000EDCC6F /* UserCell.swift in Sources */ = {isa = PBXBuildFile; fileRef = 2BABD9EA202240A000EDCC6F /* UserCell.swift */; };
		2BAC3CD52017A41B00A92AF7 /* AppDelegate.swift in Sources */ = {isa = PBXBuildFile; fileRef = 2BAC3CD42017A41B00A92AF7 /* AppDelegate.swift */; };
		2BAC3CD72017A41B00A92AF7 /* FeedsVC.swift in Sources */ = {isa = PBXBuildFile; fileRef = 2BAC3CD62017A41B00A92AF7 /* FeedsVC.swift */; };
		2BAC3CD92017A41B00A92AF7 /* GroupsVC.swift in Sources */ = {isa = PBXBuildFile; fileRef = 2BAC3CD82017A41B00A92AF7 /* GroupsVC.swift */; };
		2BAC3CDC2017A41B00A92AF7 /* Main.storyboard in Resources */ = {isa = PBXBuildFile; fileRef = 2BAC3CDA2017A41B00A92AF7 /* Main.storyboard */; };
		2BAC3CDE2017A41B00A92AF7 /* Assets.xcassets in Resources */ = {isa = PBXBuildFile; fileRef = 2BAC3CDD2017A41B00A92AF7 /* Assets.xcassets */; };
		2BAC3CE12017A41B00A92AF7 /* LaunchScreen.storyboard in Resources */ = {isa = PBXBuildFile; fileRef = 2BAC3CDF2017A41B00A92AF7 /* LaunchScreen.storyboard */; };
		2BAC3CF02017A8A400A92AF7 /* DataService.swift in Sources */ = {isa = PBXBuildFile; fileRef = 2BAC3CEF2017A8A400A92AF7 /* DataService.swift */; };
		2BC16FF92025A1B400688D48 /* GroupCell.swift in Sources */ = {isa = PBXBuildFile; fileRef = 2BC16FF82025A1B400688D48 /* GroupCell.swift */; };
		2BC16FFB2025ABB500688D48 /* Group.swift in Sources */ = {isa = PBXBuildFile; fileRef = 2BC16FFA2025ABB500688D48 /* Group.swift */; };
		2BC16FFD2025D31A00688D48 /* GroupFeedVC.swift in Sources */ = {isa = PBXBuildFile; fileRef = 2BC16FFC2025D31A00688D48 /* GroupFeedVC.swift */; };
		2BC16FFF2025D3A800688D48 /* GroupFeedCell.swift in Sources */ = {isa = PBXBuildFile; fileRef = 2BC16FFE2025D3A800688D48 /* GroupFeedCell.swift */; };
		2BC1700320273CF600688D48 /* UITableViewExt.swift in Sources */ = {isa = PBXBuildFile; fileRef = 2BC1700220273CF600688D48 /* UITableViewExt.swift */; };
		2BC17005202764C000688D48 /* UIViewControllerExt.swift in Sources */ = {isa = PBXBuildFile; fileRef = 2BC17004202764C000688D48 /* UIViewControllerExt.swift */; };
		2BD27586205818D100BEB1A5 /* ChatVC.swift in Sources */ = {isa = PBXBuildFile; fileRef = 2BD27585205818D100BEB1A5 /* ChatVC.swift */; };
		2BD2758A20581A2400BEB1A5 /* ChatCell.swift in Sources */ = {isa = PBXBuildFile; fileRef = 2BD2758920581A2400BEB1A5 /* ChatCell.swift */; };
		2BD2758C20584B2400BEB1A5 /* NewChatVC.swift in Sources */ = {isa = PBXBuildFile; fileRef = 2BD2758B20584B2400BEB1A5 /* NewChatVC.swift */; };
		2BD2758E20584D0E00BEB1A5 /* NewChatCell.swift in Sources */ = {isa = PBXBuildFile; fileRef = 2BD2758D20584D0E00BEB1A5 /* NewChatCell.swift */; };
		2BD2759020585F7700BEB1A5 /* Users.swift in Sources */ = {isa = PBXBuildFile; fileRef = 2BD2758F20585F7700BEB1A5 /* Users.swift */; };
		2BD2759220599B1800BEB1A5 /* ChatFeedVC.swift in Sources */ = {isa = PBXBuildFile; fileRef = 2BD2759120599B1800BEB1A5 /* ChatFeedVC.swift */; };
		2BD2759420599D7C00BEB1A5 /* ChatFeedCell.swift in Sources */ = {isa = PBXBuildFile; fileRef = 2BD2759320599D7C00BEB1A5 /* ChatFeedCell.swift */; };
		2BD27596205AE3E300BEB1A5 /* ChatMessage.swift in Sources */ = {isa = PBXBuildFile; fileRef = 2BD27595205AE3E300BEB1A5 /* ChatMessage.swift */; };
		2BFB891D2019FCE8006834BA /* AuthVC.swift in Sources */ = {isa = PBXBuildFile; fileRef = 2BFB891C2019FCE8006834BA /* AuthVC.swift */; };
		2BFB891F2019FD83006834BA /* LoginVC.swift in Sources */ = {isa = PBXBuildFile; fileRef = 2BFB891E2019FD83006834BA /* LoginVC.swift */; };
		2BFB89212019FDEF006834BA /* InsetTextField.swift in Sources */ = {isa = PBXBuildFile; fileRef = 2BFB89202019FDEF006834BA /* InsetTextField.swift */; };
		2BFB8923201A01C8006834BA /* ShadowView.swift in Sources */ = {isa = PBXBuildFile; fileRef = 2BFB8922201A01C8006834BA /* ShadowView.swift */; };
		2BFB8925201B0DAD006834BA /* AuthService.swift in Sources */ = {isa = PBXBuildFile; fileRef = 2BFB8924201B0DAD006834BA /* AuthService.swift */; };
		E3C3AC29F399AC77F70AB519 /* Pods_breakpoint.framework in Frameworks */ = {isa = PBXBuildFile; fileRef = 0C818FDC278E994C21FD00EF /* Pods_breakpoint.framework */; };
/* End PBXBuildFile section */

/* Begin PBXFileReference section */
		0C818FDC278E994C21FD00EF /* Pods_breakpoint.framework */ = {isa = PBXFileReference; explicitFileType = wrapper.framework; includeInIndex = 0; path = Pods_breakpoint.framework; sourceTree = BUILT_PRODUCTS_DIR; };
		2B164AFB20332B74004CF099 /* RegisterVC.swift */ = {isa = PBXFileReference; lastKnownFileType = sourcecode.swift; path = RegisterVC.swift; sourceTree = "<group>"; };
		2B164AFD2034C5B7004CF099 /* ProfileImageCell.swift */ = {isa = PBXFileReference; lastKnownFileType = sourcecode.swift; path = ProfileImageCell.swift; sourceTree = "<group>"; };
		2B164B012034CDE3004CF099 /* ImageSelectionVC.swift */ = {isa = PBXFileReference; lastKnownFileType = sourcecode.swift; path = ImageSelectionVC.swift; sourceTree = "<group>"; };
		2B1E77982028CF82004184ED /* breakpoint.entitlements */ = {isa = PBXFileReference; lastKnownFileType = text.plist.entitlements; path = breakpoint.entitlements; sourceTree = "<group>"; };
		2B20DEFB203B45A9009D8CF5 /* NewAnimation.swift */ = {isa = PBXFileReference; lastKnownFileType = sourcecode.swift; path = NewAnimation.swift; sourceTree = "<group>"; };
		2B248F9A201DAC9F00C96F17 /* MeVC.swift */ = {isa = PBXFileReference; lastKnownFileType = sourcecode.swift; path = MeVC.swift; sourceTree = "<group>"; };
		2B248F9C201DBEA100C96F17 /* CreatePostVC.swift */ = {isa = PBXFileReference; lastKnownFileType = sourcecode.swift; path = CreatePostVC.swift; sourceTree = "<group>"; };
		2B248F9E201DF7CF00C96F17 /* UIViewExt.swift */ = {isa = PBXFileReference; lastKnownFileType = sourcecode.swift; path = UIViewExt.swift; sourceTree = "<group>"; };
		2B248FA3201E096200C96F17 /* Message.swift */ = {isa = PBXFileReference; lastKnownFileType = sourcecode.swift; path = Message.swift; sourceTree = "<group>"; };
		2B248FA7201E66BF00C96F17 /* FeedCell.swift */ = {isa = PBXFileReference; lastKnownFileType = sourcecode.swift; path = FeedCell.swift; sourceTree = "<group>"; };
		2B370E05202F2B2F009C5F21 /* PersonalDetailsVC.swift */ = {isa = PBXFileReference; lastKnownFileType = sourcecode.swift; path = PersonalDetailsVC.swift; sourceTree = "<group>"; };
		2B82C34A22632505001ED3F5 /* GoogleService-Info.plist */ = {isa = PBXFileReference; fileEncoding = 4; lastKnownFileType = text.plist.xml; path = "GoogleService-Info.plist"; sourceTree = "<group>"; };
		2BA99E88201FA80B00577A70 /* CreateGroupsVC.swift */ = {isa = PBXFileReference; lastKnownFileType = sourcecode.swift; path = CreateGroupsVC.swift; sourceTree = "<group>"; };
		2BABD9EA202240A000EDCC6F /* UserCell.swift */ = {isa = PBXFileReference; lastKnownFileType = sourcecode.swift; path = UserCell.swift; sourceTree = "<group>"; };
		2BAC3CD12017A41B00A92AF7 /* breakpoint.app */ = {isa = PBXFileReference; explicitFileType = wrapper.application; includeInIndex = 0; path = breakpoint.app; sourceTree = BUILT_PRODUCTS_DIR; };
		2BAC3CD42017A41B00A92AF7 /* AppDelegate.swift */ = {isa = PBXFileReference; lastKnownFileType = sourcecode.swift; path = AppDelegate.swift; sourceTree = "<group>"; };
		2BAC3CD62017A41B00A92AF7 /* FeedsVC.swift */ = {isa = PBXFileReference; lastKnownFileType = sourcecode.swift; path = FeedsVC.swift; sourceTree = "<group>"; };
		2BAC3CD82017A41B00A92AF7 /* GroupsVC.swift */ = {isa = PBXFileReference; lastKnownFileType = sourcecode.swift; path = GroupsVC.swift; sourceTree = "<group>"; };
		2BAC3CDB2017A41B00A92AF7 /* Base */ = {isa = PBXFileReference; lastKnownFileType = file.storyboard; name = Base; path = Base.lproj/Main.storyboard; sourceTree = "<group>"; };
		2BAC3CDD2017A41B00A92AF7 /* Assets.xcassets */ = {isa = PBXFileReference; lastKnownFileType = folder.assetcatalog; path = Assets.xcassets; sourceTree = "<group>"; };
		2BAC3CE02017A41B00A92AF7 /* Base */ = {isa = PBXFileReference; lastKnownFileType = file.storyboard; name = Base; path = Base.lproj/LaunchScreen.storyboard; sourceTree = "<group>"; };
		2BAC3CE22017A41B00A92AF7 /* Info.plist */ = {isa = PBXFileReference; lastKnownFileType = text.plist.xml; path = Info.plist; sourceTree = "<group>"; };
		2BAC3CEF2017A8A400A92AF7 /* DataService.swift */ = {isa = PBXFileReference; lastKnownFileType = sourcecode.swift; path = DataService.swift; sourceTree = "<group>"; };
		2BC16FF82025A1B400688D48 /* GroupCell.swift */ = {isa = PBXFileReference; lastKnownFileType = sourcecode.swift; path = GroupCell.swift; sourceTree = "<group>"; };
		2BC16FFA2025ABB500688D48 /* Group.swift */ = {isa = PBXFileReference; lastKnownFileType = sourcecode.swift; path = Group.swift; sourceTree = "<group>"; };
		2BC16FFC2025D31A00688D48 /* GroupFeedVC.swift */ = {isa = PBXFileReference; lastKnownFileType = sourcecode.swift; path = GroupFeedVC.swift; sourceTree = "<group>"; };
		2BC16FFE2025D3A800688D48 /* GroupFeedCell.swift */ = {isa = PBXFileReference; lastKnownFileType = sourcecode.swift; path = GroupFeedCell.swift; sourceTree = "<group>"; };
		2BC1700220273CF600688D48 /* UITableViewExt.swift */ = {isa = PBXFileReference; lastKnownFileType = sourcecode.swift; path = UITableViewExt.swift; sourceTree = "<group>"; };
		2BC17004202764C000688D48 /* UIViewControllerExt.swift */ = {isa = PBXFileReference; lastKnownFileType = sourcecode.swift; path = UIViewControllerExt.swift; sourceTree = "<group>"; };
		2BD27585205818D100BEB1A5 /* ChatVC.swift */ = {isa = PBXFileReference; lastKnownFileType = sourcecode.swift; path = ChatVC.swift; sourceTree = "<group>"; };
		2BD2758920581A2400BEB1A5 /* ChatCell.swift */ = {isa = PBXFileReference; lastKnownFileType = sourcecode.swift; path = ChatCell.swift; sourceTree = "<group>"; };
		2BD2758B20584B2400BEB1A5 /* NewChatVC.swift */ = {isa = PBXFileReference; lastKnownFileType = sourcecode.swift; path = NewChatVC.swift; sourceTree = "<group>"; };
		2BD2758D20584D0E00BEB1A5 /* NewChatCell.swift */ = {isa = PBXFileReference; lastKnownFileType = sourcecode.swift; path = NewChatCell.swift; sourceTree = "<group>"; };
		2BD2758F20585F7700BEB1A5 /* Users.swift */ = {isa = PBXFileReference; lastKnownFileType = sourcecode.swift; path = Users.swift; sourceTree = "<group>"; };
		2BD2759120599B1800BEB1A5 /* ChatFeedVC.swift */ = {isa = PBXFileReference; lastKnownFileType = sourcecode.swift; path = ChatFeedVC.swift; sourceTree = "<group>"; };
		2BD2759320599D7C00BEB1A5 /* ChatFeedCell.swift */ = {isa = PBXFileReference; lastKnownFileType = sourcecode.swift; path = ChatFeedCell.swift; sourceTree = "<group>"; };
		2BD27595205AE3E300BEB1A5 /* ChatMessage.swift */ = {isa = PBXFileReference; lastKnownFileType = sourcecode.swift; path = ChatMessage.swift; sourceTree = "<group>"; };
		2BFB891C2019FCE8006834BA /* AuthVC.swift */ = {isa = PBXFileReference; lastKnownFileType = sourcecode.swift; path = AuthVC.swift; sourceTree = "<group>"; };
		2BFB891E2019FD83006834BA /* LoginVC.swift */ = {isa = PBXFileReference; lastKnownFileType = sourcecode.swift; path = LoginVC.swift; sourceTree = "<group>"; };
		2BFB89202019FDEF006834BA /* InsetTextField.swift */ = {isa = PBXFileReference; lastKnownFileType = sourcecode.swift; path = InsetTextField.swift; sourceTree = "<group>"; };
		2BFB8922201A01C8006834BA /* ShadowView.swift */ = {isa = PBXFileReference; lastKnownFileType = sourcecode.swift; path = ShadowView.swift; sourceTree = "<group>"; };
		2BFB8924201B0DAD006834BA /* AuthService.swift */ = {isa = PBXFileReference; lastKnownFileType = sourcecode.swift; path = AuthService.swift; sourceTree = "<group>"; };
		7E9DEA862C05E1286F3AEDFC /* Pods-breakpoint.debug.xcconfig */ = {isa = PBXFileReference; includeInIndex = 1; lastKnownFileType = text.xcconfig; name = "Pods-breakpoint.debug.xcconfig"; path = "Target Support Files/Pods-breakpoint/Pods-breakpoint.debug.xcconfig"; sourceTree = "<group>"; };
		9E9C978B1B3014E9C399FF11 /* Pods-breakpoint.release.xcconfig */ = {isa = PBXFileReference; includeInIndex = 1; lastKnownFileType = text.xcconfig; name = "Pods-breakpoint.release.xcconfig"; path = "Target Support Files/Pods-breakpoint/Pods-breakpoint.release.xcconfig"; sourceTree = "<group>"; };
/* End PBXFileReference section */

/* Begin PBXFrameworksBuildPhase section */
		2BAC3CCE2017A41B00A92AF7 /* Frameworks */ = {
			isa = PBXFrameworksBuildPhase;
			buildActionMask = 2147483647;
			files = (
				E3C3AC29F399AC77F70AB519 /* Pods_breakpoint.framework in Frameworks */,
			);
			runOnlyForDeploymentPostprocessing = 0;
		};
/* End PBXFrameworksBuildPhase section */

/* Begin PBXGroup section */
		12D48523FE9117AACE904872 /* Pods */ = {
			isa = PBXGroup;
			children = (
				7E9DEA862C05E1286F3AEDFC /* Pods-breakpoint.debug.xcconfig */,
				9E9C978B1B3014E9C399FF11 /* Pods-breakpoint.release.xcconfig */,
			);
			path = Pods;
			sourceTree = "<group>";
		};
		2BAC3CC82017A41B00A92AF7 = {
			isa = PBXGroup;
			children = (
				2BAC3CD32017A41B00A92AF7 /* breakpoint */,
				2BAC3CD22017A41B00A92AF7 /* Products */,
				12D48523FE9117AACE904872 /* Pods */,
				45EAEA25293F74B2F8D63FB7 /* Frameworks */,
			);
			sourceTree = "<group>";
		};
		2BAC3CD22017A41B00A92AF7 /* Products */ = {
			isa = PBXGroup;
			children = (
				2BAC3CD12017A41B00A92AF7 /* breakpoint.app */,
			);
			name = Products;
			sourceTree = "<group>";
		};
		2BAC3CD32017A41B00A92AF7 /* breakpoint */ = {
			isa = PBXGroup;
			children = (
				2B1E77982028CF82004184ED /* breakpoint.entitlements */,
				2BAC3CEC2017A4C700A92AF7 /* Services */,
				2BAC3CEB2017A4A700A92AF7 /* Extensions */,
				2BAC3CEA2017A4A100A92AF7 /* Model */,
				2BAC3CE92017A49A00A92AF7 /* View */,
				2BAC3CE82017A47C00A92AF7 /* Controller */,
				2BAC3CD42017A41B00A92AF7 /* AppDelegate.swift */,
				2BAC3CDA2017A41B00A92AF7 /* Main.storyboard */,
				2BAC3CDD2017A41B00A92AF7 /* Assets.xcassets */,
				2BAC3CDF2017A41B00A92AF7 /* LaunchScreen.storyboard */,
				2B82C34A22632505001ED3F5 /* GoogleService-Info.plist */,
				2BAC3CE22017A41B00A92AF7 /* Info.plist */,
			);
			path = breakpoint;
			sourceTree = "<group>";
		};
		2BAC3CE82017A47C00A92AF7 /* Controller */ = {
			isa = PBXGroup;
			children = (
				2BAC3CD62017A41B00A92AF7 /* FeedsVC.swift */,
				2BAC3CD82017A41B00A92AF7 /* GroupsVC.swift */,
				2BFB891C2019FCE8006834BA /* AuthVC.swift */,
				2BFB891E2019FD83006834BA /* LoginVC.swift */,
				2B248F9A201DAC9F00C96F17 /* MeVC.swift */,
				2B248F9C201DBEA100C96F17 /* CreatePostVC.swift */,
				2BA99E88201FA80B00577A70 /* CreateGroupsVC.swift */,
				2BC16FFC2025D31A00688D48 /* GroupFeedVC.swift */,
				2B370E05202F2B2F009C5F21 /* PersonalDetailsVC.swift */,
				2B164AFB20332B74004CF099 /* RegisterVC.swift */,
				2B164B012034CDE3004CF099 /* ImageSelectionVC.swift */,
				2BD27585205818D100BEB1A5 /* ChatVC.swift */,
				2BD2758B20584B2400BEB1A5 /* NewChatVC.swift */,
				2BD2759120599B1800BEB1A5 /* ChatFeedVC.swift */,
			);
			path = Controller;
			sourceTree = "<group>";
		};
		2BAC3CE92017A49A00A92AF7 /* View */ = {
			isa = PBXGroup;
			children = (
				2BFB89202019FDEF006834BA /* InsetTextField.swift */,
				2BFB8922201A01C8006834BA /* ShadowView.swift */,
				2B248FA7201E66BF00C96F17 /* FeedCell.swift */,
				2BABD9EA202240A000EDCC6F /* UserCell.swift */,
				2BC16FF82025A1B400688D48 /* GroupCell.swift */,
				2BC16FFE2025D3A800688D48 /* GroupFeedCell.swift */,
				2B164AFD2034C5B7004CF099 /* ProfileImageCell.swift */,
				2BD2758920581A2400BEB1A5 /* ChatCell.swift */,
				2BD2758D20584D0E00BEB1A5 /* NewChatCell.swift */,
				2BD2759320599D7C00BEB1A5 /* ChatFeedCell.swift */,
			);
			path = View;
			sourceTree = "<group>";
		};
		2BAC3CEA2017A4A100A92AF7 /* Model */ = {
			isa = PBXGroup;
			children = (
				2B248FA3201E096200C96F17 /* Message.swift */,
				2BC16FFA2025ABB500688D48 /* Group.swift */,
				2BD2758F20585F7700BEB1A5 /* Users.swift */,
				2BD27595205AE3E300BEB1A5 /* ChatMessage.swift */,
			);
			path = Model;
			sourceTree = "<group>";
		};
		2BAC3CEB2017A4A700A92AF7 /* Extensions */ = {
			isa = PBXGroup;
			children = (
				2B20DEFB203B45A9009D8CF5 /* NewAnimation.swift */,
				2B248F9E201DF7CF00C96F17 /* UIViewExt.swift */,
				2BC1700220273CF600688D48 /* UITableViewExt.swift */,
				2BC17004202764C000688D48 /* UIViewControllerExt.swift */,
			);
			path = Extensions;
			sourceTree = "<group>";
		};
		2BAC3CEC2017A4C700A92AF7 /* Services */ = {
			isa = PBXGroup;
			children = (
				2BAC3CEF2017A8A400A92AF7 /* DataService.swift */,
				2BFB8924201B0DAD006834BA /* AuthService.swift */,
			);
			path = Services;
			sourceTree = "<group>";
		};
		45EAEA25293F74B2F8D63FB7 /* Frameworks */ = {
			isa = PBXGroup;
			children = (
				0C818FDC278E994C21FD00EF /* Pods_breakpoint.framework */,
			);
			name = Frameworks;
			sourceTree = "<group>";
		};
/* End PBXGroup section */

/* Begin PBXNativeTarget section */
		2BAC3CD02017A41B00A92AF7 /* breakpoint */ = {
			isa = PBXNativeTarget;
			buildConfigurationList = 2BAC3CE52017A41B00A92AF7 /* Build configuration list for PBXNativeTarget "breakpoint" */;
			buildPhases = (
				A8F2144F851F831A70E72DDF /* [CP] Check Pods Manifest.lock */,
				2BAC3CCD2017A41B00A92AF7 /* Sources */,
				2BAC3CCE2017A41B00A92AF7 /* Frameworks */,
				2BAC3CCF2017A41B00A92AF7 /* Resources */,
				14E2E762A11E94E44162D235 /* [CP] Embed Pods Frameworks */,
				0756A8998F522467F9426829 /* [CP] Copy Pods Resources */,
			);
			buildRules = (
			);
			dependencies = (
			);
			name = breakpoint;
			productName = breakpoint;
			productReference = 2BAC3CD12017A41B00A92AF7 /* breakpoint.app */;
			productType = "com.apple.product-type.application";
		};
/* End PBXNativeTarget section */

/* Begin PBXProject section */
		2BAC3CC92017A41B00A92AF7 /* Project object */ = {
			isa = PBXProject;
			attributes = {
				LastSwiftUpdateCheck = 0920;
				LastUpgradeCheck = 0920;
				ORGANIZATIONNAME = "Kunal Tyagi";
				TargetAttributes = {
					2BAC3CD02017A41B00A92AF7 = {
						CreatedOnToolsVersion = 9.2;
						ProvisioningStyle = Automatic;
						SystemCapabilities = {
							com.apple.Keychain = {
								enabled = 1;
							};
						};
					};
				};
			};
			buildConfigurationList = 2BAC3CCC2017A41B00A92AF7 /* Build configuration list for PBXProject "breakpoint" */;
			compatibilityVersion = "Xcode 8.0";
			developmentRegion = en;
			hasScannedForEncodings = 0;
			knownRegions = (
				en,
				Base,
			);
			mainGroup = 2BAC3CC82017A41B00A92AF7;
			productRefGroup = 2BAC3CD22017A41B00A92AF7 /* Products */;
			projectDirPath = "";
			projectRoot = "";
			targets = (
				2BAC3CD02017A41B00A92AF7 /* breakpoint */,
			);
		};
/* End PBXProject section */

/* Begin PBXResourcesBuildPhase section */
		2BAC3CCF2017A41B00A92AF7 /* Resources */ = {
			isa = PBXResourcesBuildPhase;
			buildActionMask = 2147483647;
			files = (
				2BAC3CE12017A41B00A92AF7 /* LaunchScreen.storyboard in Resources */,
				2B82C34B22632505001ED3F5 /* GoogleService-Info.plist in Resources */,
				2BAC3CDE2017A41B00A92AF7 /* Assets.xcassets in Resources */,
				2BAC3CDC2017A41B00A92AF7 /* Main.storyboard in Resources */,
			);
			runOnlyForDeploymentPostprocessing = 0;
		};
/* End PBXResourcesBuildPhase section */

/* Begin PBXShellScriptBuildPhase section */
		0756A8998F522467F9426829 /* [CP] Copy Pods Resources */ = {
			isa = PBXShellScriptBuildPhase;
			buildActionMask = 2147483647;
			files = (
			);
			inputFileListPaths = (
			);
			inputPaths = (
				"${PODS_ROOT}/Target Support Files/Pods-breakpoint/Pods-breakpoint-resources.sh",
				"${PODS_ROOT}/GoogleSignIn/Resources/GoogleSignIn.bundle",
			);
			name = "[CP] Copy Pods Resources";
			outputFileListPaths = (
			);
			outputPaths = (
				"${TARGET_BUILD_DIR}/${UNLOCALIZED_RESOURCES_FOLDER_PATH}/GoogleSignIn.bundle",
			);
			runOnlyForDeploymentPostprocessing = 0;
			shellPath = /bin/sh;
			shellScript = "\"${PODS_ROOT}/Target Support Files/Pods-breakpoint/Pods-breakpoint-resources.sh\"\n";
			showEnvVarsInLog = 0;
		};
		14E2E762A11E94E44162D235 /* [CP] Embed Pods Frameworks */ = {
			isa = PBXShellScriptBuildPhase;
			buildActionMask = 2147483647;
			files = (
			);
			inputFileListPaths = (
			);
			inputPaths = (
				"${PODS_ROOT}/Target Support Files/Pods-breakpoint/Pods-breakpoint-frameworks.sh",
				"${BUILT_PRODUCTS_DIR}/Bolts/Bolts.framework",
				"${BUILT_PRODUCTS_DIR}/FBSDKCoreKit/FBSDKCoreKit.framework",
				"${BUILT_PRODUCTS_DIR}/FBSDKLoginKit/FBSDKLoginKit.framework",
				"${BUILT_PRODUCTS_DIR}/FacebookCore/FacebookCore.framework",
				"${BUILT_PRODUCTS_DIR}/FacebookLogin/FacebookLogin.framework",
				"${BUILT_PRODUCTS_DIR}/GTMOAuth2/GTMOAuth2.framework",
				"${BUILT_PRODUCTS_DIR}/GTMSessionFetcher/GTMSessionFetcher.framework",
				"${BUILT_PRODUCTS_DIR}/GoogleToolboxForMac/GoogleToolboxForMac.framework",
				"${BUILT_PRODUCTS_DIR}/NVActivityIndicatorView/NVActivityIndicatorView.framework",
				"${BUILT_PRODUCTS_DIR}/Pastel/Pastel.framework",
				"${BUILT_PRODUCTS_DIR}/RAMAnimatedTabBarController/RAMAnimatedTabBarController.framework",
				"${BUILT_PRODUCTS_DIR}/SkeletonView/SkeletonView.framework",
				"${BUILT_PRODUCTS_DIR}/TKSubmitTransition/TKSubmitTransition.framework",
				"${BUILT_PRODUCTS_DIR}/leveldb-library/leveldb.framework",
				"${BUILT_PRODUCTS_DIR}/nanopb/nanopb.framework",
			);
			name = "[CP] Embed Pods Frameworks";
			outputFileListPaths = (
			);
			outputPaths = (
				"${TARGET_BUILD_DIR}/${FRAMEWORKS_FOLDER_PATH}/Bolts.framework",
				"${TARGET_BUILD_DIR}/${FRAMEWORKS_FOLDER_PATH}/FBSDKCoreKit.framework",
				"${TARGET_BUILD_DIR}/${FRAMEWORKS_FOLDER_PATH}/FBSDKLoginKit.framework",
				"${TARGET_BUILD_DIR}/${FRAMEWORKS_FOLDER_PATH}/FacebookCore.framework",
				"${TARGET_BUILD_DIR}/${FRAMEWORKS_FOLDER_PATH}/FacebookLogin.framework",
				"${TARGET_BUILD_DIR}/${FRAMEWORKS_FOLDER_PATH}/GTMOAuth2.framework",
				"${TARGET_BUILD_DIR}/${FRAMEWORKS_FOLDER_PATH}/GTMSessionFetcher.framework",
				"${TARGET_BUILD_DIR}/${FRAMEWORKS_FOLDER_PATH}/GoogleToolboxForMac.framework",
				"${TARGET_BUILD_DIR}/${FRAMEWORKS_FOLDER_PATH}/NVActivityIndicatorView.framework",
				"${TARGET_BUILD_DIR}/${FRAMEWORKS_FOLDER_PATH}/Pastel.framework",
				"${TARGET_BUILD_DIR}/${FRAMEWORKS_FOLDER_PATH}/RAMAnimatedTabBarController.framework",
				"${TARGET_BUILD_DIR}/${FRAMEWORKS_FOLDER_PATH}/SkeletonView.framework",
				"${TARGET_BUILD_DIR}/${FRAMEWORKS_FOLDER_PATH}/TKSubmitTransition.framework",
				"${TARGET_BUILD_DIR}/${FRAMEWORKS_FOLDER_PATH}/leveldb.framework",
				"${TARGET_BUILD_DIR}/${FRAMEWORKS_FOLDER_PATH}/nanopb.framework",
			);
			runOnlyForDeploymentPostprocessing = 0;
			shellPath = /bin/sh;
			shellScript = "\"${PODS_ROOT}/Target Support Files/Pods-breakpoint/Pods-breakpoint-frameworks.sh\"\n";
			showEnvVarsInLog = 0;
		};
		A8F2144F851F831A70E72DDF /* [CP] Check Pods Manifest.lock */ = {
			isa = PBXShellScriptBuildPhase;
			buildActionMask = 2147483647;
			files = (
			);
			inputFileListPaths = (
			);
			inputPaths = (
				"${PODS_PODFILE_DIR_PATH}/Podfile.lock",
				"${PODS_ROOT}/Manifest.lock",
			);
			name = "[CP] Check Pods Manifest.lock";
			outputFileListPaths = (
			);
			outputPaths = (
				"$(DERIVED_FILE_DIR)/Pods-breakpoint-checkManifestLockResult.txt",
			);
			runOnlyForDeploymentPostprocessing = 0;
			shellPath = /bin/sh;
			shellScript = "diff \"${PODS_PODFILE_DIR_PATH}/Podfile.lock\" \"${PODS_ROOT}/Manifest.lock\" > /dev/null\nif [ $? != 0 ] ; then\n    # print error to STDERR\n    echo \"error: The sandbox is not in sync with the Podfile.lock. Run 'pod install' or update your CocoaPods installation.\" >&2\n    exit 1\nfi\n# This output is used by Xcode 'outputs' to avoid re-running this script phase.\necho \"SUCCESS\" > \"${SCRIPT_OUTPUT_FILE_0}\"\n";
			showEnvVarsInLog = 0;
		};
/* End PBXShellScriptBuildPhase section */

/* Begin PBXSourcesBuildPhase section */
		2BAC3CCD2017A41B00A92AF7 /* Sources */ = {
			isa = PBXSourcesBuildPhase;
			buildActionMask = 2147483647;
			files = (
				2B248F9F201DF7CF00C96F17 /* UIViewExt.swift in Sources */,
				2BD2758C20584B2400BEB1A5 /* NewChatVC.swift in Sources */,
				2B248F9B201DAC9F00C96F17 /* MeVC.swift in Sources */,
				2BFB891D2019FCE8006834BA /* AuthVC.swift in Sources */,
				2BC16FF92025A1B400688D48 /* GroupCell.swift in Sources */,
				2BAC3CD92017A41B00A92AF7 /* GroupsVC.swift in Sources */,
				2BFB891F2019FD83006834BA /* LoginVC.swift in Sources */,
				2BFB8925201B0DAD006834BA /* AuthService.swift in Sources */,
				2BAC3CD52017A41B00A92AF7 /* AppDelegate.swift in Sources */,
				2BD2758E20584D0E00BEB1A5 /* NewChatCell.swift in Sources */,
				2BD27586205818D100BEB1A5 /* ChatVC.swift in Sources */,
				2BC16FFD2025D31A00688D48 /* GroupFeedVC.swift in Sources */,
				2B164AFC20332B74004CF099 /* RegisterVC.swift in Sources */,
				2BC17005202764C000688D48 /* UIViewControllerExt.swift in Sources */,
				2B164AFE2034C5B7004CF099 /* ProfileImageCell.swift in Sources */,
				2BA99E89201FA80B00577A70 /* CreateGroupsVC.swift in Sources */,
				2BD2758A20581A2400BEB1A5 /* ChatCell.swift in Sources */,
				2B20DEFC203B45A9009D8CF5 /* NewAnimation.swift in Sources */,
				2BD2759220599B1800BEB1A5 /* ChatFeedVC.swift in Sources */,
				2BC1700320273CF600688D48 /* UITableViewExt.swift in Sources */,
				2BC16FFB2025ABB500688D48 /* Group.swift in Sources */,
				2BABD9EB202240A000EDCC6F /* UserCell.swift in Sources */,
				2B248FA8201E66BF00C96F17 /* FeedCell.swift in Sources */,
				2BFB8923201A01C8006834BA /* ShadowView.swift in Sources */,
				2B248F9D201DBEA100C96F17 /* CreatePostVC.swift in Sources */,
				2BD2759020585F7700BEB1A5 /* Users.swift in Sources */,
				2BC16FFF2025D3A800688D48 /* GroupFeedCell.swift in Sources */,
				2B248FA4201E096200C96F17 /* Message.swift in Sources */,
				2BD27596205AE3E300BEB1A5 /* ChatMessage.swift in Sources */,
				2BAC3CD72017A41B00A92AF7 /* FeedsVC.swift in Sources */,
				2B370E06202F2B2F009C5F21 /* PersonalDetailsVC.swift in Sources */,
				2BFB89212019FDEF006834BA /* InsetTextField.swift in Sources */,
				2BAC3CF02017A8A400A92AF7 /* DataService.swift in Sources */,
				2B164B022034CDE3004CF099 /* ImageSelectionVC.swift in Sources */,
				2BD2759420599D7C00BEB1A5 /* ChatFeedCell.swift in Sources */,
			);
			runOnlyForDeploymentPostprocessing = 0;
		};
/* End PBXSourcesBuildPhase section */

/* Begin PBXVariantGroup section */
		2BAC3CDA2017A41B00A92AF7 /* Main.storyboard */ = {
			isa = PBXVariantGroup;
			children = (
				2BAC3CDB2017A41B00A92AF7 /* Base */,
			);
			name = Main.storyboard;
			sourceTree = "<group>";
		};
		2BAC3CDF2017A41B00A92AF7 /* LaunchScreen.storyboard */ = {
			isa = PBXVariantGroup;
			children = (
				2BAC3CE02017A41B00A92AF7 /* Base */,
			);
			name = LaunchScreen.storyboard;
			sourceTree = "<group>";
		};
/* End PBXVariantGroup section */

/* Begin XCBuildConfiguration section */
		2BAC3CE32017A41B00A92AF7 /* Debug */ = {
			isa = XCBuildConfiguration;
			buildSettings = {
				ALWAYS_SEARCH_USER_PATHS = NO;
				CLANG_ANALYZER_NONNULL = YES;
				CLANG_ANALYZER_NUMBER_OBJECT_CONVERSION = YES_AGGRESSIVE;
				CLANG_CXX_LANGUAGE_STANDARD = "gnu++14";
				CLANG_CXX_LIBRARY = "libc++";
				CLANG_ENABLE_MODULES = YES;
				CLANG_ENABLE_OBJC_ARC = YES;
				CLANG_WARN_BLOCK_CAPTURE_AUTORELEASING = YES;
				CLANG_WARN_BOOL_CONVERSION = YES;
				CLANG_WARN_COMMA = YES;
				CLANG_WARN_CONSTANT_CONVERSION = YES;
				CLANG_WARN_DIRECT_OBJC_ISA_USAGE = YES_ERROR;
				CLANG_WARN_DOCUMENTATION_COMMENTS = YES;
				CLANG_WARN_EMPTY_BODY = YES;
				CLANG_WARN_ENUM_CONVERSION = YES;
				CLANG_WARN_INFINITE_RECURSION = YES;
				CLANG_WARN_INT_CONVERSION = YES;
				CLANG_WARN_NON_LITERAL_NULL_CONVERSION = YES;
				CLANG_WARN_OBJC_LITERAL_CONVERSION = YES;
				CLANG_WARN_OBJC_ROOT_CLASS = YES_ERROR;
				CLANG_WARN_RANGE_LOOP_ANALYSIS = YES;
				CLANG_WARN_STRICT_PROTOTYPES = YES;
				CLANG_WARN_SUSPICIOUS_MOVE = YES;
				CLANG_WARN_UNGUARDED_AVAILABILITY = YES_AGGRESSIVE;
				CLANG_WARN_UNREACHABLE_CODE = YES;
				CLANG_WARN__DUPLICATE_METHOD_MATCH = YES;
				CODE_SIGN_IDENTITY = "iPhone Developer";
				COPY_PHASE_STRIP = NO;
				DEBUG_INFORMATION_FORMAT = dwarf;
				ENABLE_STRICT_OBJC_MSGSEND = YES;
				ENABLE_TESTABILITY = YES;
				GCC_C_LANGUAGE_STANDARD = gnu11;
				GCC_DYNAMIC_NO_PIC = NO;
				GCC_NO_COMMON_BLOCKS = YES;
				GCC_OPTIMIZATION_LEVEL = 0;
				GCC_PREPROCESSOR_DEFINITIONS = (
					"DEBUG=1",
					"$(inherited)",
				);
				GCC_WARN_64_TO_32_BIT_CONVERSION = YES;
				GCC_WARN_ABOUT_RETURN_TYPE = YES_ERROR;
				GCC_WARN_UNDECLARED_SELECTOR = YES;
				GCC_WARN_UNINITIALIZED_AUTOS = YES_AGGRESSIVE;
				GCC_WARN_UNUSED_FUNCTION = YES;
				GCC_WARN_UNUSED_VARIABLE = YES;
				IPHONEOS_DEPLOYMENT_TARGET = 11.2;
				MTL_ENABLE_DEBUG_INFO = YES;
				ONLY_ACTIVE_ARCH = YES;
				SDKROOT = iphoneos;
				SWIFT_ACTIVE_COMPILATION_CONDITIONS = DEBUG;
				SWIFT_OPTIMIZATION_LEVEL = "-Onone";
			};
			name = Debug;
		};
		2BAC3CE42017A41B00A92AF7 /* Release */ = {
			isa = XCBuildConfiguration;
			buildSettings = {
				ALWAYS_SEARCH_USER_PATHS = NO;
				CLANG_ANALYZER_NONNULL = YES;
				CLANG_ANALYZER_NUMBER_OBJECT_CONVERSION = YES_AGGRESSIVE;
				CLANG_CXX_LANGUAGE_STANDARD = "gnu++14";
				CLANG_CXX_LIBRARY = "libc++";
				CLANG_ENABLE_MODULES = YES;
				CLANG_ENABLE_OBJC_ARC = YES;
				CLANG_WARN_BLOCK_CAPTURE_AUTORELEASING = YES;
				CLANG_WARN_BOOL_CONVERSION = YES;
				CLANG_WARN_COMMA = YES;
				CLANG_WARN_CONSTANT_CONVERSION = YES;
				CLANG_WARN_DIRECT_OBJC_ISA_USAGE = YES_ERROR;
				CLANG_WARN_DOCUMENTATION_COMMENTS = YES;
				CLANG_WARN_EMPTY_BODY = YES;
				CLANG_WARN_ENUM_CONVERSION = YES;
				CLANG_WARN_INFINITE_RECURSION = YES;
				CLANG_WARN_INT_CONVERSION = YES;
				CLANG_WARN_NON_LITERAL_NULL_CONVERSION = YES;
				CLANG_WARN_OBJC_LITERAL_CONVERSION = YES;
				CLANG_WARN_OBJC_ROOT_CLASS = YES_ERROR;
				CLANG_WARN_RANGE_LOOP_ANALYSIS = YES;
				CLANG_WARN_STRICT_PROTOTYPES = YES;
				CLANG_WARN_SUSPICIOUS_MOVE = YES;
				CLANG_WARN_UNGUARDED_AVAILABILITY = YES_AGGRESSIVE;
				CLANG_WARN_UNREACHABLE_CODE = YES;
				CLANG_WARN__DUPLICATE_METHOD_MATCH = YES;
				CODE_SIGN_IDENTITY = "iPhone Developer";
				COPY_PHASE_STRIP = NO;
				DEBUG_INFORMATION_FORMAT = "dwarf-with-dsym";
				ENABLE_NS_ASSERTIONS = NO;
				ENABLE_STRICT_OBJC_MSGSEND = YES;
				GCC_C_LANGUAGE_STANDARD = gnu11;
				GCC_NO_COMMON_BLOCKS = YES;
				GCC_WARN_64_TO_32_BIT_CONVERSION = YES;
				GCC_WARN_ABOUT_RETURN_TYPE = YES_ERROR;
				GCC_WARN_UNDECLARED_SELECTOR = YES;
				GCC_WARN_UNINITIALIZED_AUTOS = YES_AGGRESSIVE;
				GCC_WARN_UNUSED_FUNCTION = YES;
				GCC_WARN_UNUSED_VARIABLE = YES;
				IPHONEOS_DEPLOYMENT_TARGET = 11.2;
				MTL_ENABLE_DEBUG_INFO = NO;
				SDKROOT = iphoneos;
				SWIFT_OPTIMIZATION_LEVEL = "-Owholemodule";
				VALIDATE_PRODUCT = YES;
			};
			name = Release;
		};
		2BAC3CE62017A41B00A92AF7 /* Debug */ = {
			isa = XCBuildConfiguration;
			baseConfigurationReference = 7E9DEA862C05E1286F3AEDFC /* Pods-breakpoint.debug.xcconfig */;
			buildSettings = {
				ASSETCATALOG_COMPILER_APPICON_NAME = AppIcon;
				CODE_SIGN_ENTITLEMENTS = breakpoint/breakpoint.entitlements;
				CODE_SIGN_STYLE = Automatic;
				DEVELOPMENT_TEAM = KUZFMUE789;
				INFOPLIST_FILE = breakpoint/Info.plist;
				LD_RUNPATH_SEARCH_PATHS = "$(inherited) @executable_path/Frameworks";
				PRODUCT_BUNDLE_IDENTIFIER = com.kunaltyagi.breakpoint;
				PRODUCT_NAME = "$(TARGET_NAME)";
				SWIFT_VERSION = 4.0;
				TARGETED_DEVICE_FAMILY = "1,2";
			};
			name = Debug;
		};
		2BAC3CE72017A41B00A92AF7 /* Release */ = {
			isa = XCBuildConfiguration;
			baseConfigurationReference = 9E9C978B1B3014E9C399FF11 /* Pods-breakpoint.release.xcconfig */;
			buildSettings = {
				ASSETCATALOG_COMPILER_APPICON_NAME = AppIcon;
				CODE_SIGN_ENTITLEMENTS = breakpoint/breakpoint.entitlements;
				CODE_SIGN_STYLE = Automatic;
				DEVELOPMENT_TEAM = KUZFMUE789;
				INFOPLIST_FILE = breakpoint/Info.plist;
				LD_RUNPATH_SEARCH_PATHS = "$(inherited) @executable_path/Frameworks";
				PRODUCT_BUNDLE_IDENTIFIER = com.kunaltyagi.breakpoint;
				PRODUCT_NAME = "$(TARGET_NAME)";
				SWIFT_VERSION = 4.0;
				TARGETED_DEVICE_FAMILY = "1,2";
			};
			name = Release;
		};
/* End XCBuildConfiguration section */

/* Begin XCConfigurationList section */
		2BAC3CCC2017A41B00A92AF7 /* Build configuration list for PBXProject "breakpoint" */ = {
			isa = XCConfigurationList;
			buildConfigurations = (
				2BAC3CE32017A41B00A92AF7 /* Debug */,
				2BAC3CE42017A41B00A92AF7 /* Release */,
			);
			defaultConfigurationIsVisible = 0;
			defaultConfigurationName = Release;
		};
		2BAC3CE52017A41B00A92AF7 /* Build configuration list for PBXNativeTarget "breakpoint" */ = {
			isa = XCConfigurationList;
			buildConfigurations = (
				2BAC3CE62017A41B00A92AF7 /* Debug */,
				2BAC3CE72017A41B00A92AF7 /* Release */,
			);
			defaultConfigurationIsVisible = 0;
			defaultConfigurationName = Release;
		};
/* End XCConfigurationList section */
	};
	rootObject = 2BAC3CC92017A41B00A92AF7 /* Project object */;
}
